// !$*UTF8*$!
{
	archiveVersion = 1;
	classes = {
	};
	objectVersion = 46;
	objects = {

/* Begin PBXBuildFile section */
		038DCBE61CD7669C002F8026 /* F4-1.txt in Resources */ = {isa = PBXBuildFile; fileRef = 038DCBDC1CD7669C002F8026 /* F4-1.txt */; };
		038DCBE71CD7669C002F8026 /* F4-2.txt in Resources */ = {isa = PBXBuildFile; fileRef = 038DCBDD1CD7669C002F8026 /* F4-2.txt */; };
		038DCBE81CD7669C002F8026 /* F4-3.txt in Resources */ = {isa = PBXBuildFile; fileRef = 038DCBDE1CD7669C002F8026 /* F4-3.txt */; };
		038DCBE91CD7669C002F8026 /* F4-4.txt in Resources */ = {isa = PBXBuildFile; fileRef = 038DCBDF1CD7669C002F8026 /* F4-4.txt */; };
		038DCBEA1CD7669C002F8026 /* F4-5.txt in Resources */ = {isa = PBXBuildFile; fileRef = 038DCBE01CD7669C002F8026 /* F4-5.txt */; };
		038DCBEB1CD7669C002F8026 /* F4-6.txt in Resources */ = {isa = PBXBuildFile; fileRef = 038DCBE11CD7669C002F8026 /* F4-6.txt */; };
		038DCBEC1CD7669C002F8026 /* F4-7.txt in Resources */ = {isa = PBXBuildFile; fileRef = 038DCBE21CD7669C002F8026 /* F4-7.txt */; };
		038DCBED1CD7669C002F8026 /* F4-8.txt in Resources */ = {isa = PBXBuildFile; fileRef = 038DCBE31CD7669C002F8026 /* F4-8.txt */; };
		038DCBEE1CD7669C002F8026 /* F4-9.txt in Resources */ = {isa = PBXBuildFile; fileRef = 038DCBE41CD7669C002F8026 /* F4-9.txt */; };
		038DCBEF1CD7669C002F8026 /* F4-10.txt in Resources */ = {isa = PBXBuildFile; fileRef = 038DCBE51CD7669C002F8026 /* F4-10.txt */; };
		0780D12C1C2FCDBB00E9C9AF /* f1-1.txt in Resources */ = {isa = PBXBuildFile; fileRef = 0780D12A1C2FCB6600E9C9AF /* f1-1.txt */; };
		DFFFAFED1E87F7FF000404FE /* AStrTest.cpp in Sources */ = {isa = PBXBuildFile; fileRef = DFFFAFEC1E87F7FF000404FE /* AStrTest.cpp */; };
/* End PBXBuildFile section */

/* Begin PBXCopyFilesBuildPhase section */
		0780D1161C2F7E4300E9C9AF /* CopyFiles */ = {
			isa = PBXCopyFilesBuildPhase;
			buildActionMask = 2147483647;
			dstPath = /usr/share/man/man1/;
			dstSubfolderSpec = 0;
			files = (
			);
			runOnlyForDeploymentPostprocessing = 1;
		};
/* End PBXCopyFilesBuildPhase section */

/* Begin PBXFileReference section */
		030271E11C3EA268002E0DD4 /* Point.h */ = {isa = PBXFileReference; lastKnownFileType = sourcecode.c.h; name = Point.h; path = stack/Point.h; sourceTree = "<group>"; };
		032D346E1CC6679D009286B2 /* BiTree.h */ = {isa = PBXFileReference; fileEncoding = 4; lastKnownFileType = sourcecode.c.h; path = BiTree.h; sourceTree = "<group>"; };
		032D346F1CC66ABA009286B2 /* mainTree.cpp */ = {isa = PBXFileReference; fileEncoding = 4; lastKnownFileType = sourcecode.cpp.cpp; path = mainTree.cpp; sourceTree = "<group>"; };
		038DCBDC1CD7669C002F8026 /* F4-1.txt */ = {isa = PBXFileReference; fileEncoding = 4; lastKnownFileType = text; path = "F4-1.txt"; sourceTree = "<group>"; };
		038DCBDD1CD7669C002F8026 /* F4-2.txt */ = {isa = PBXFileReference; fileEncoding = 4; lastKnownFileType = text; path = "F4-2.txt"; sourceTree = "<group>"; };
		038DCBDE1CD7669C002F8026 /* F4-3.txt */ = {isa = PBXFileReference; fileEncoding = 4; lastKnownFileType = text; path = "F4-3.txt"; sourceTree = "<group>"; };
		038DCBDF1CD7669C002F8026 /* F4-4.txt */ = {isa = PBXFileReference; fileEncoding = 4; lastKnownFileType = text; path = "F4-4.txt"; sourceTree = "<group>"; };
		038DCBE01CD7669C002F8026 /* F4-5.txt */ = {isa = PBXFileReference; fileEncoding = 4; lastKnownFileType = text; path = "F4-5.txt"; sourceTree = "<group>"; };
		038DCBE11CD7669C002F8026 /* F4-6.txt */ = {isa = PBXFileReference; fileEncoding = 4; lastKnownFileType = text; path = "F4-6.txt"; sourceTree = "<group>"; };
		038DCBE21CD7669C002F8026 /* F4-7.txt */ = {isa = PBXFileReference; fileEncoding = 4; lastKnownFileType = text; path = "F4-7.txt"; sourceTree = "<group>"; };
		038DCBE31CD7669C002F8026 /* F4-8.txt */ = {isa = PBXFileReference; fileEncoding = 4; lastKnownFileType = text; path = "F4-8.txt"; sourceTree = "<group>"; };
		038DCBE41CD7669C002F8026 /* F4-9.txt */ = {isa = PBXFileReference; fileEncoding = 4; lastKnownFileType = text; path = "F4-9.txt"; sourceTree = "<group>"; };
		038DCBE51CD7669C002F8026 /* F4-10.txt */ = {isa = PBXFileReference; fileEncoding = 4; lastKnownFileType = text; path = "F4-10.txt"; sourceTree = "<group>"; };
		038DCBF11CD7897D002F8026 /* Recursion.h */ = {isa = PBXFileReference; lastKnownFileType = sourcecode.c.h; path = Recursion.h; sourceTree = "<group>"; };
		038DCBF21CD789B5002F8026 /* RecursionMain.cpp */ = {isa = PBXFileReference; fileEncoding = 4; lastKnownFileType = sourcecode.cpp.cpp; path = RecursionMain.cpp; sourceTree = "<group>"; };
		03DE91EC1CC3C886003D00EC /* BiTNode.h */ = {isa = PBXFileReference; lastKnownFileType = sourcecode.c.h; path = BiTNode.h; sourceTree = "<group>"; };
		071D67311C3377D700E469C8 /* cyListMain.cpp */ = {isa = PBXFileReference; fileEncoding = 4; lastKnownFileType = sourcecode.cpp.cpp; path = cyListMain.cpp; sourceTree = "<group>"; };
		071D67331C33AACE00E469C8 /* LinkListDCy.h */ = {isa = PBXFileReference; lastKnownFileType = sourcecode.c.h; path = LinkListDCy.h; sourceTree = "<group>"; };
		071D67341C33C39E00E469C8 /* StLinkList.h */ = {isa = PBXFileReference; lastKnownFileType = sourcecode.c.h; path = StLinkList.h; sourceTree = "<group>"; };
		0727C33E1C321DFE00CB08A0 /* main.cpp */ = {isa = PBXFileReference; fileEncoding = 4; lastKnownFileType = sourcecode.cpp.cpp; path = main.cpp; sourceTree = "<group>"; };
		0727C3411C325B9800CB08A0 /* LinkListCy.h */ = {isa = PBXFileReference; lastKnownFileType = sourcecode.c.h; path = LinkListCy.h; sourceTree = "<group>"; };
		0780D1181C2F7E4300E9C9AF /* dataStructure */ = {isa = PBXFileReference; explicitFileType = "compiled.mach-o.executable"; includeInIndex = 0; path = dataStructure; sourceTree = BUILT_PRODUCTS_DIR; };
		0780D1221C2F7E6E00E9C9AF /* c.h */ = {isa = PBXFileReference; lastKnownFileType = sourcecode.c.h; path = c.h; sourceTree = "<group>"; };
		0780D1231C2F809500E9C9AF /* AList.h */ = {isa = PBXFileReference; lastKnownFileType = sourcecode.c.h; path = AList.h; sourceTree = "<group>"; };
		0780D12A1C2FCB6600E9C9AF /* f1-1.txt */ = {isa = PBXFileReference; fileEncoding = 4; lastKnownFileType = text; path = "f1-1.txt"; sourceTree = "<group>"; };
		0780D1301C2FFEBD00E9C9AF /* LNode.h */ = {isa = PBXFileReference; fileEncoding = 4; lastKnownFileType = sourcecode.c.h; path = LNode.h; sourceTree = "<group>"; };
		0780D1321C2FFEBD00E9C9AF /* Function.h */ = {isa = PBXFileReference; fileEncoding = 4; lastKnownFileType = sourcecode.c.h; path = Function.h; sourceTree = "<group>"; };
		0780D1331C2FFEBD00E9C9AF /* SqList.h */ = {isa = PBXFileReference; fileEncoding = 4; lastKnownFileType = sourcecode.c.h; path = SqList.h; sourceTree = "<group>"; };
		0780D1341C2FFEBD00E9C9AF /* sqListMain.cpp */ = {isa = PBXFileReference; fileEncoding = 4; lastKnownFileType = sourcecode.cpp.cpp; path = sqListMain.cpp; sourceTree = "<group>"; };
		0780D1361C2FFEDB00E9C9AF /* LinkList.h */ = {isa = PBXFileReference; lastKnownFileType = sourcecode.c.h; path = LinkList.h; sourceTree = "<group>"; };
		0780D1371C2FFF0B00E9C9AF /* listMain.cpp */ = {isa = PBXFileReference; fileEncoding = 4; lastKnownFileType = sourcecode.cpp.cpp; path = listMain.cpp; sourceTree = "<group>"; };
		07CE79911C37686E00D62107 /* SqStack.h */ = {isa = PBXFileReference; lastKnownFileType = sourcecode.c.h; name = SqStack.h; path = stack/SqStack.h; sourceTree = "<group>"; };
		07CE79931C37688D00D62107 /* stackMian.cpp */ = {isa = PBXFileReference; fileEncoding = 4; lastKnownFileType = sourcecode.cpp.cpp; name = stackMian.cpp; path = stack/stackMian.cpp; sourceTree = "<group>"; };
		07CE79951C376A0500D62107 /* AStack.h */ = {isa = PBXFileReference; lastKnownFileType = sourcecode.c.h; name = AStack.h; path = stack/AStack.h; sourceTree = "<group>"; };
		07CE79961C3779AD00D62107 /* LinkStack.h */ = {isa = PBXFileReference; lastKnownFileType = sourcecode.c.h; name = LinkStack.h; path = stack/LinkStack.h; sourceTree = "<group>"; };
		07CE79971C37B64E00D62107 /* Evaluate.h */ = {isa = PBXFileReference; lastKnownFileType = sourcecode.c.h; name = Evaluate.h; path = stack/Evaluate.h; sourceTree = "<group>"; };
		07CE79981C37CDBE00D62107 /* expressMain.cpp */ = {isa = PBXFileReference; fileEncoding = 4; lastKnownFileType = sourcecode.cpp.cpp; name = expressMain.cpp; path = stack/expressMain.cpp; sourceTree = "<group>"; };
		07CE799A1C37CFF500D62107 /* Hanoi.h */ = {isa = PBXFileReference; lastKnownFileType = sourcecode.c.h; name = Hanoi.h; path = stack/Hanoi.h; sourceTree = "<group>"; };
		DFFFAFEC1E87F7FF000404FE /* AStrTest.cpp */ = {isa = PBXFileReference; fileEncoding = 4; lastKnownFileType = sourcecode.cpp.cpp; name = AStrTest.cpp; path = string/AStrTest.cpp; sourceTree = "<group>"; };
/* End PBXFileReference section */

/* Begin PBXFrameworksBuildPhase section */
		0780D1151C2F7E4300E9C9AF /* Frameworks */ = {
			isa = PBXFrameworksBuildPhase;
			buildActionMask = 2147483647;
			files = (
			);
			runOnlyForDeploymentPostprocessing = 0;
		};
/* End PBXFrameworksBuildPhase section */

/* Begin PBXGroup section */
		038DCBF01CD78967002F8026 /* recursion */ = {
			isa = PBXGroup;
			children = (
				038DCBF11CD7897D002F8026 /* Recursion.h */,
				038DCBF21CD789B5002F8026 /* RecursionMain.cpp */,
			);
			path = recursion;
			sourceTree = "<group>";
		};
		03DE91EB1CC3C82A003D00EC /* tree */ = {
			isa = PBXGroup;
			children = (
				03DE91EC1CC3C886003D00EC /* BiTNode.h */,
				032D346E1CC6679D009286B2 /* BiTree.h */,
				032D346F1CC66ABA009286B2 /* mainTree.cpp */,
			);
			path = tree;
			sourceTree = "<group>";
		};
		0780D10F1C2F7E4300E9C9AF = {
			isa = PBXGroup;
			children = (
				0780D1291C2FCB6600E9C9AF /* res */,
				0780D11A1C2F7E4300E9C9AF /* dataStructure */,
				0780D1191C2F7E4300E9C9AF /* Products */,
			);
			sourceTree = "<group>";
		};
		0780D1191C2F7E4300E9C9AF /* Products */ = {
			isa = PBXGroup;
			children = (
				0780D1181C2F7E4300E9C9AF /* dataStructure */,
			);
			name = Products;
			sourceTree = "<group>";
		};
		0780D11A1C2F7E4300E9C9AF /* dataStructure */ = {
			isa = PBXGroup;
			children = (
				DFFFAFEE1E87F807000404FE /* string */,
				038DCBF01CD78967002F8026 /* recursion */,
				03DE91EB1CC3C82A003D00EC /* tree */,
				07CE79921C37687300D62107 /* stack */,
				0780D12F1C2FFEBD00E9C9AF /* list */,
				0780D1311C2FFEBD00E9C9AF /* vector */,
				0780D1221C2F7E6E00E9C9AF /* c.h */,
				0780D1231C2F809500E9C9AF /* AList.h */,
				0727C33E1C321DFE00CB08A0 /* main.cpp */,
			);
			path = dataStructure;
			sourceTree = "<group>";
		};
		0780D1291C2FCB6600E9C9AF /* res */ = {
			isa = PBXGroup;
			children = (
				038DCBDC1CD7669C002F8026 /* F4-1.txt */,
				038DCBDD1CD7669C002F8026 /* F4-2.txt */,
				038DCBDE1CD7669C002F8026 /* F4-3.txt */,
				038DCBDF1CD7669C002F8026 /* F4-4.txt */,
				038DCBE01CD7669C002F8026 /* F4-5.txt */,
				038DCBE11CD7669C002F8026 /* F4-6.txt */,
				038DCBE21CD7669C002F8026 /* F4-7.txt */,
				038DCBE31CD7669C002F8026 /* F4-8.txt */,
				038DCBE41CD7669C002F8026 /* F4-9.txt */,
				038DCBE51CD7669C002F8026 /* F4-10.txt */,
				0780D12A1C2FCB6600E9C9AF /* f1-1.txt */,
			);
			path = res;
			sourceTree = "<group>";
		};
		0780D12F1C2FFEBD00E9C9AF /* list */ = {
			isa = PBXGroup;
			children = (
				0780D1301C2FFEBD00E9C9AF /* LNode.h */,
				0780D1361C2FFEDB00E9C9AF /* LinkList.h */,
				0780D1371C2FFF0B00E9C9AF /* listMain.cpp */,
				0727C3411C325B9800CB08A0 /* LinkListCy.h */,
				071D67311C3377D700E469C8 /* cyListMain.cpp */,
				071D67331C33AACE00E469C8 /* LinkListDCy.h */,
				071D67341C33C39E00E469C8 /* StLinkList.h */,
			);
			path = list;
			sourceTree = "<group>";
		};
		0780D1311C2FFEBD00E9C9AF /* vector */ = {
			isa = PBXGroup;
			children = (
				0780D1321C2FFEBD00E9C9AF /* Function.h */,
				0780D1331C2FFEBD00E9C9AF /* SqList.h */,
				0780D1341C2FFEBD00E9C9AF /* sqListMain.cpp */,
			);
			path = vector;
			sourceTree = "<group>";
		};
		07CE79921C37687300D62107 /* stack */ = {
			isa = PBXGroup;
			children = (
				07CE79911C37686E00D62107 /* SqStack.h */,
				07CE79931C37688D00D62107 /* stackMian.cpp */,
				07CE79951C376A0500D62107 /* AStack.h */,
				07CE79961C3779AD00D62107 /* LinkStack.h */,
				07CE79971C37B64E00D62107 /* Evaluate.h */,
				07CE79981C37CDBE00D62107 /* expressMain.cpp */,
				07CE799A1C37CFF500D62107 /* Hanoi.h */,
				030271E11C3EA268002E0DD4 /* Point.h */,
			);
			name = stack;
			sourceTree = "<group>";
		};
		DFFFAFEE1E87F807000404FE /* string */ = {
			isa = PBXGroup;
			children = (
				DFFFAFEC1E87F7FF000404FE /* AStrTest.cpp */,
			);
			name = string;
			sourceTree = "<group>";
		};
/* End PBXGroup section */

/* Begin PBXNativeTarget section */
		0780D1171C2F7E4300E9C9AF /* dataStructure */ = {
			isa = PBXNativeTarget;
			buildConfigurationList = 0780D11F1C2F7E4300E9C9AF /* Build configuration list for PBXNativeTarget "dataStructure" */;
			buildPhases = (
				0780D1141C2F7E4300E9C9AF /* Sources */,
				0780D1151C2F7E4300E9C9AF /* Frameworks */,
				0780D1161C2F7E4300E9C9AF /* CopyFiles */,
				0780D12B1C2FCDB200E9C9AF /* Resources */,
			);
			buildRules = (
			);
			dependencies = (
			);
			name = dataStructure;
			productName = dataStructure;
			productReference = 0780D1181C2F7E4300E9C9AF /* dataStructure */;
			productType = "com.apple.product-type.tool";
		};
/* End PBXNativeTarget section */

/* Begin PBXProject section */
		0780D1101C2F7E4300E9C9AF /* Project object */ = {
			isa = PBXProject;
			attributes = {
				LastUpgradeCheck = 0710;
				ORGANIZATIONNAME = funnyhux;
				TargetAttributes = {
					0780D1171C2F7E4300E9C9AF = {
						CreatedOnToolsVersion = 7.1;
					};
				};
			};
			buildConfigurationList = 0780D1131C2F7E4300E9C9AF /* Build configuration list for PBXProject "dataStructure" */;
			compatibilityVersion = "Xcode 3.2";
			developmentRegion = English;
			hasScannedForEncodings = 0;
			knownRegions = (
				en,
			);
			mainGroup = 0780D10F1C2F7E4300E9C9AF;
			productRefGroup = 0780D1191C2F7E4300E9C9AF /* Products */;
			projectDirPath = "";
			projectRoot = "";
			targets = (
				0780D1171C2F7E4300E9C9AF /* dataStructure */,
			);
		};
/* End PBXProject section */

/* Begin PBXResourcesBuildPhase section */
		0780D12B1C2FCDB200E9C9AF /* Resources */ = {
			isa = PBXResourcesBuildPhase;
			buildActionMask = 2147483647;
			files = (
				038DCBEE1CD7669C002F8026 /* F4-9.txt in Resources */,
				038DCBE91CD7669C002F8026 /* F4-4.txt in Resources */,
				038DCBE81CD7669C002F8026 /* F4-3.txt in Resources */,
				038DCBEA1CD7669C002F8026 /* F4-5.txt in Resources */,
				038DCBE61CD7669C002F8026 /* F4-1.txt in Resources */,
				038DCBEF1CD7669C002F8026 /* F4-10.txt in Resources */,
				038DCBEC1CD7669C002F8026 /* F4-7.txt in Resources */,
				038DCBED1CD7669C002F8026 /* F4-8.txt in Resources */,
				0780D12C1C2FCDBB00E9C9AF /* f1-1.txt in Resources */,
				038DCBE71CD7669C002F8026 /* F4-2.txt in Resources */,
				038DCBEB1CD7669C002F8026 /* F4-6.txt in Resources */,
			);
			runOnlyForDeploymentPostprocessing = 0;
		};
/* End PBXResourcesBuildPhase section */

/* Begin PBXSourcesBuildPhase section */
		0780D1141C2F7E4300E9C9AF /* Sources */ = {
			isa = PBXSourcesBuildPhase;
			buildActionMask = 2147483647;
			files = (
				DFFFAFED1E87F7FF000404FE /* AStrTest.cpp in Sources */,
			);
			runOnlyForDeploymentPostprocessing = 0;
		};
/* End PBXSourcesBuildPhase section */

/* Begin XCBuildConfiguration section */
		0780D11D1C2F7E4300E9C9AF /* Debug */ = {
			isa = XCBuildConfiguration;
			buildSettings = {
				ALWAYS_SEARCH_USER_PATHS = NO;
				CLANG_CXX_LANGUAGE_STANDARD = "gnu++0x";
				CLANG_CXX_LIBRARY = "libc++";
				CLANG_ENABLE_MODULES = YES;
				CLANG_ENABLE_OBJC_ARC = YES;
				CLANG_WARN_BOOL_CONVERSION = YES;
				CLANG_WARN_CONSTANT_CONVERSION = YES;
				CLANG_WARN_DIRECT_OBJC_ISA_USAGE = YES_ERROR;
				CLANG_WARN_EMPTY_BODY = YES;
				CLANG_WARN_ENUM_CONVERSION = YES;
				CLANG_WARN_INT_CONVERSION = YES;
				CLANG_WARN_OBJC_ROOT_CLASS = YES_ERROR;
				CLANG_WARN_UNREACHABLE_CODE = YES;
				CLANG_WARN__DUPLICATE_METHOD_MATCH = YES;
				CODE_SIGN_IDENTITY = "-";
				COPY_PHASE_STRIP = NO;
				DEBUG_INFORMATION_FORMAT = dwarf;
				ENABLE_STRICT_OBJC_MSGSEND = YES;
				ENABLE_TESTABILITY = YES;
				GCC_C_LANGUAGE_STANDARD = gnu99;
				GCC_DYNAMIC_NO_PIC = NO;
				GCC_NO_COMMON_BLOCKS = YES;
				GCC_OPTIMIZATION_LEVEL = 0;
				GCC_PREPROCESSOR_DEFINITIONS = (
					"DEBUG=1",
					"$(inherited)",
				);
				GCC_WARN_64_TO_32_BIT_CONVERSION = YES;
				GCC_WARN_ABOUT_RETURN_TYPE = YES_ERROR;
				GCC_WARN_UNDECLARED_SELECTOR = YES;
				GCC_WARN_UNINITIALIZED_AUTOS = YES_AGGRESSIVE;
				GCC_WARN_UNUSED_FUNCTION = YES;
				GCC_WARN_UNUSED_VARIABLE = YES;
				MACOSX_DEPLOYMENT_TARGET = 10.10;
				MTL_ENABLE_DEBUG_INFO = YES;
				ONLY_ACTIVE_ARCH = YES;
				SDKROOT = macosx;
			};
			name = Debug;
		};
		0780D11E1C2F7E4300E9C9AF /* Release */ = {
			isa = XCBuildConfiguration;
			buildSettings = {
				ALWAYS_SEARCH_USER_PATHS = NO;
				CLANG_CXX_LANGUAGE_STANDARD = "gnu++0x";
				CLANG_CXX_LIBRARY = "libc++";
				CLANG_ENABLE_MODULES = YES;
				CLANG_ENABLE_OBJC_ARC = YES;
				CLANG_WARN_BOOL_CONVERSION = YES;
				CLANG_WARN_CONSTANT_CONVERSION = YES;
				CLANG_WARN_DIRECT_OBJC_ISA_USAGE = YES_ERROR;
				CLANG_WARN_EMPTY_BODY = YES;
				CLANG_WARN_ENUM_CONVERSION = YES;
				CLANG_WARN_INT_CONVERSION = YES;
				CLANG_WARN_OBJC_ROOT_CLASS = YES_ERROR;
				CLANG_WARN_UNREACHABLE_CODE = YES;
				CLANG_WARN__DUPLICATE_METHOD_MATCH = YES;
				CODE_SIGN_IDENTITY = "-";
				COPY_PHASE_STRIP = NO;
				DEBUG_INFORMATION_FORMAT = "dwarf-with-dsym";
				ENABLE_NS_ASSERTIONS = NO;
				ENABLE_STRICT_OBJC_MSGSEND = YES;
				GCC_C_LANGUAGE_STANDARD = gnu99;
				GCC_NO_COMMON_BLOCKS = YES;
				GCC_WARN_64_TO_32_BIT_CONVERSION = YES;
				GCC_WARN_ABOUT_RETURN_TYPE = YES_ERROR;
				GCC_WARN_UNDECLARED_SELECTOR = YES;
				GCC_WARN_UNINITIALIZED_AUTOS = YES_AGGRESSIVE;
				GCC_WARN_UNUSED_FUNCTION = YES;
				GCC_WARN_UNUSED_VARIABLE = YES;
				MACOSX_DEPLOYMENT_TARGET = 10.10;
				MTL_ENABLE_DEBUG_INFO = NO;
				SDKROOT = macosx;
			};
			name = Release;
		};
		0780D1201C2F7E4300E9C9AF /* Debug */ = {
			isa = XCBuildConfiguration;
			buildSettings = {
				PRODUCT_NAME = "$(TARGET_NAME)";
				USER_HEADER_SEARCH_PATHS = "$(PROJECT_DIR)/res/";
			};
			name = Debug;
		};
		0780D1211C2F7E4300E9C9AF /* Release */ = {
			isa = XCBuildConfiguration;
			buildSettings = {
				PRODUCT_NAME = "$(TARGET_NAME)";
				USER_HEADER_SEARCH_PATHS = "$(PROJECT_DIR)/res/";
			};
			name = Release;
		};
/* End XCBuildConfiguration section */

/* Begin XCConfigurationList section */
		0780D1131C2F7E4300E9C9AF /* Build configuration list for PBXProject "dataStructure" */ = {
			isa = XCConfigurationList;
			buildConfigurations = (
				0780D11D1C2F7E4300E9C9AF /* Debug */,
				0780D11E1C2F7E4300E9C9AF /* Release */,
			);
			defaultConfigurationIsVisible = 0;
			defaultConfigurationName = Release;
		};
		0780D11F1C2F7E4300E9C9AF /* Build configuration list for PBXNativeTarget "dataStructure" */ = {
			isa = XCConfigurationList;
			buildConfigurations = (
				0780D1201C2F7E4300E9C9AF /* Debug */,
				0780D1211C2F7E4300E9C9AF /* Release */,
			);
			defaultConfigurationIsVisible = 0;
			defaultConfigurationName = Release;
		};
/* End XCConfigurationList section */
	};
	rootObject = 0780D1101C2F7E4300E9C9AF /* Project object */;
}
